
Microsoft Visual Studio Solution File, Format Version 12.00
# Visual Studio Version 16
VisualStudioVersion = 16.0.31702.278
MinimumVisualStudioVersion = 10.0.40219.1
Project("{9A19103F-16F7-4668-BE54-9A1E7A4F7556}") = "RazorcurrenceyConvertor", "RazorcurrenceyConvertor\RazorcurrenceyConvertor.csproj", "{1988DCCC-D932-4DA8-9BBD-1037EF6D48BD}"
EndProject
Global
	GlobalSection(SolutionConfigurationPlatforms) = preSolution
		Debug|Any CPU = Debug|Any CPU
		Release|Any CPU = Release|Any CPU
	EndGlobalSection
	GlobalSection(ProjectConfigurationPlatforms) = postSolution
		{1988DCCC-D932-4DA8-9BBD-1037EF6D48BD}.Debug|Any CPU.ActiveCfg = Debug|Any CPU
		{1988DCCC-D932-4DA8-9BBD-1037EF6D48BD}.Debug|Any CPU.Build.0 = Debug|Any CPU
		{1988DCCC-D932-4DA8-9BBD-1037EF6D48BD}.Release|Any CPU.ActiveCfg = Release|Any CPU
		{1988DCCC-D932-4DA8-9BBD-1037EF6D48BD}.Release|Any CPU.Build.0 = Release|Any CPU
	EndGlobalSection
	GlobalSection(SolutionProperties) = preSolution
		HideSolutionNode = FALSE
	EndGlobalSection
	GlobalSection(ExtensibilityGlobals) = postSolution
		SolutionGuid = {52D1FBFC-60E3-4C80-B6BD-5180EB157494}
	EndGlobalSection
EndGlobal
